{
  "name": "vanilla-js-quickstart",
  "version": "1.0.0",
  "lockfileVersion": 3,
  "requires": true,
  "packages": {
    "": {
      "name": "vanilla-js-quickstart",
      "version": "1.0.0",
      "dependencies": {
        "idenplane-sdk": "^1.0.2"
      }
    },
    "node_modules/idenplane-sdk": {
      "version": "1.0.2",
      "resolved": "https://registry.npmjs.org/idenplane-sdk/-/idenplane-sdk-1.0.2.tgz",
      "integrity": "sha512-1g9IgqI/fvRIzjIIt+ucow4TlG0DVyphWFlA38BHC/LXuXNyqs7yWaVlh7+i53B6aDh1qvdQTL0rVrBcA4yvFw==",
      "license": "MIT",
      "peerDependencies": {
        "jose": ">=5.0.0",
        "react": ">=18.0.0"
      },
      "peerDependenciesMeta": {
        "jose": {
          "optional": true
        },
        "react": {
          "optional": true
        }
      }
    }
  }
}
